
Microsoft Visual Studio Solution File, Format Version 12.00
# Visual Studio 2012
Project("{FAE04EC0-301F-11D3-BF4B-00C04F79EFBC}") = "GoL", "GoL\GoL.csproj", "{3D8E5EE2-EFAA-4292-B97F-8CC76A6D7BE5}"
EndProject
Project("{FAE04EC0-301F-11D3-BF4B-00C04F79EFBC}") = "GoL.Tests", "GoL.Tests\GoL.Tests.csproj", "{11EE2741-329C-4663-9DE4-2B10F6779294}"
EndProject
Project("{2150E333-8FDC-42A3-9474-1A3956D46DE8}") = "SolutionItems", "SolutionItems", "{94544CEC-0A2B-4390-9AFE-4302A537FD2C}"
	ProjectSection(SolutionItems) = preProject
		SolutionItems\NuGet.exe = SolutionItems\NuGet.exe
	EndProjectSection
EndProject
Global
	GlobalSection(SolutionConfigurationPlatforms) = preSolution
		Debug|Any CPU = Debug|Any CPU
		Release|Any CPU = Release|Any CPU
	EndGlobalSection
	GlobalSection(ProjectConfigurationPlatforms) = postSolution
		{3D8E5EE2-EFAA-4292-B97F-8CC76A6D7BE5}.Debug|Any CPU.ActiveCfg = Debug|Any CPU
		{3D8E5EE2-EFAA-4292-B97F-8CC76A6D7BE5}.Debug|Any CPU.Build.0 = Debug|Any CPU
		{3D8E5EE2-EFAA-4292-B97F-8CC76A6D7BE5}.Release|Any CPU.ActiveCfg = Release|Any CPU
		{3D8E5EE2-EFAA-4292-B97F-8CC76A6D7BE5}.Release|Any CPU.Build.0 = Release|Any CPU
		{11EE2741-329C-4663-9DE4-2B10F6779294}.Debug|Any CPU.ActiveCfg = Debug|Any CPU
		{11EE2741-329C-4663-9DE4-2B10F6779294}.Debug|Any CPU.Build.0 = Debug|Any CPU
		{11EE2741-329C-4663-9DE4-2B10F6779294}.Release|Any CPU.ActiveCfg = Release|Any CPU
		{11EE2741-329C-4663-9DE4-2B10F6779294}.Release|Any CPU.Build.0 = Release|Any CPU
	EndGlobalSection
	GlobalSection(SolutionProperties) = preSolution
		HideSolutionNode = FALSE
	EndGlobalSection
EndGlobal
